
Microsoft Visual Studio Solution File, Format Version 12.00
# Visual Studio Version 17
VisualStudioVersion = 17.8.34330.188
MinimumVisualStudioVersion = 10.0.40219.1
Project("{FAE04EC0-301F-11D3-BF4B-00C04F79EFBC}") = "FurnitureDatabaseFiller", "FurnitureDatabaseFiller.csproj", "{80F3D13C-C9BE-4B71-95DF-84169569B172}"
EndProject
Global
	GlobalSection(SolutionConfigurationPlatforms) = preSolution
		Debug|Any CPU = Debug|Any CPU
		Release|Any CPU = Release|Any CPU
	EndGlobalSection
	GlobalSection(ProjectConfigurationPlatforms) = postSolution
		{80F3D13C-C9BE-4B71-95DF-84169569B172}.Debug|Any CPU.ActiveCfg = Debug|Any CPU
		{80F3D13C-C9BE-4B71-95DF-84169569B172}.Debug|Any CPU.Build.0 = Debug|Any CPU
		{80F3D13C-C9BE-4B71-95DF-84169569B172}.Release|Any CPU.ActiveCfg = Release|Any CPU
		{80F3D13C-C9BE-4B71-95DF-84169569B172}.Release|Any CPU.Build.0 = Release|Any CPU
	EndGlobalSection
	GlobalSection(SolutionProperties) = preSolution
		HideSolutionNode = FALSE
	EndGlobalSection
	GlobalSection(ExtensibilityGlobals) = postSolution
		SolutionGuid = {0C47C7D6-D702-46F3-822B-18C3AC03EC2A}
	EndGlobalSection
EndGlobal
